
Microsoft Visual Studio Solution File, Format Version 12.00
# Visual Studio Version 17
VisualStudioVersion = 17.8.34330.188
MinimumVisualStudioVersion = 10.0.40219.1
Project("{2150E333-8FDC-42A3-9474-1A3956D46DE8}") = "Presentation", "Presentation", "{167992AB-9B34-4FC3-BF81-B55A250D48D5}"
EndProject
Project("{2150E333-8FDC-42A3-9474-1A3956D46DE8}") = "Core", "Core", "{E292E52B-6E77-40A6-A73C-F9038EBBB0F3}"
EndProject
Project("{2150E333-8FDC-42A3-9474-1A3956D46DE8}") = "Infrastructure", "Infrastructure", "{1419BDD2-573E-4DD8-9C7E-EB7F9D9F703E}"
EndProject
Project("{FAE04EC0-301F-11D3-BF4B-00C04F79EFBC}") = "Octapull.Domain", "Core\Octapull.Domain\Octapull.Domain.csproj", "{7156780A-EA5F-4F09-8E12-12342B44A6F5}"
EndProject
Project("{FAE04EC0-301F-11D3-BF4B-00C04F79EFBC}") = "Octapull.Infrastructure", "Infrastructure\Octapull.Infrastructure\Octapull.Infrastructure.csproj", "{BC501F0D-95C6-466B-9C85-8A6AA1D06496}"
EndProject
Project("{FAE04EC0-301F-11D3-BF4B-00C04F79EFBC}") = "Octapull.API", "Presentation\Octapull.API\Octapull.API.csproj", "{E63B2D72-DD65-4949-9B8C-E3C99A834042}"
EndProject
Project("{FAE04EC0-301F-11D3-BF4B-00C04F79EFBC}") = "Octapull.MVC", "Presentation\Octapull.MVC\Octapull.MVC.csproj", "{71B6B593-3491-4AA3-8F7C-9E7BB244AE4E}"
EndProject
Global
	GlobalSection(SolutionConfigurationPlatforms) = preSolution
		Debug|Any CPU = Debug|Any CPU
		Release|Any CPU = Release|Any CPU
	EndGlobalSection
	GlobalSection(ProjectConfigurationPlatforms) = postSolution
		{7156780A-EA5F-4F09-8E12-12342B44A6F5}.Debug|Any CPU.ActiveCfg = Debug|Any CPU
		{7156780A-EA5F-4F09-8E12-12342B44A6F5}.Debug|Any CPU.Build.0 = Debug|Any CPU
		{7156780A-EA5F-4F09-8E12-12342B44A6F5}.Release|Any CPU.ActiveCfg = Release|Any CPU
		{7156780A-EA5F-4F09-8E12-12342B44A6F5}.Release|Any CPU.Build.0 = Release|Any CPU
		{BC501F0D-95C6-466B-9C85-8A6AA1D06496}.Debug|Any CPU.ActiveCfg = Debug|Any CPU
		{BC501F0D-95C6-466B-9C85-8A6AA1D06496}.Debug|Any CPU.Build.0 = Debug|Any CPU
		{BC501F0D-95C6-466B-9C85-8A6AA1D06496}.Release|Any CPU.ActiveCfg = Release|Any CPU
		{BC501F0D-95C6-466B-9C85-8A6AA1D06496}.Release|Any CPU.Build.0 = Release|Any CPU
		{E63B2D72-DD65-4949-9B8C-E3C99A834042}.Debug|Any CPU.ActiveCfg = Debug|Any CPU
		{E63B2D72-DD65-4949-9B8C-E3C99A834042}.Debug|Any CPU.Build.0 = Debug|Any CPU
		{E63B2D72-DD65-4949-9B8C-E3C99A834042}.Release|Any CPU.ActiveCfg = Release|Any CPU
		{E63B2D72-DD65-4949-9B8C-E3C99A834042}.Release|Any CPU.Build.0 = Release|Any CPU
		{71B6B593-3491-4AA3-8F7C-9E7BB244AE4E}.Debug|Any CPU.ActiveCfg = Debug|Any CPU
		{71B6B593-3491-4AA3-8F7C-9E7BB244AE4E}.Debug|Any CPU.Build.0 = Debug|Any CPU
		{71B6B593-3491-4AA3-8F7C-9E7BB244AE4E}.Release|Any CPU.ActiveCfg = Release|Any CPU
		{71B6B593-3491-4AA3-8F7C-9E7BB244AE4E}.Release|Any CPU.Build.0 = Release|Any CPU
	EndGlobalSection
	GlobalSection(SolutionProperties) = preSolution
		HideSolutionNode = FALSE
	EndGlobalSection
	GlobalSection(NestedProjects) = preSolution
		{7156780A-EA5F-4F09-8E12-12342B44A6F5} = {E292E52B-6E77-40A6-A73C-F9038EBBB0F3}
		{BC501F0D-95C6-466B-9C85-8A6AA1D06496} = {1419BDD2-573E-4DD8-9C7E-EB7F9D9F703E}
		{E63B2D72-DD65-4949-9B8C-E3C99A834042} = {167992AB-9B34-4FC3-BF81-B55A250D48D5}
		{71B6B593-3491-4AA3-8F7C-9E7BB244AE4E} = {167992AB-9B34-4FC3-BF81-B55A250D48D5}
	EndGlobalSection
	GlobalSection(ExtensibilityGlobals) = postSolution
		SolutionGuid = {097F7427-A267-4FDF-B972-69EAC1A22EF0}
	EndGlobalSection
EndGlobal
